Microsoft Visual Studio Solution File, Format Version 12.00
# Visual Studio Version 17
VisualStudioVersion = 17.5.2.0
MinimumVisualStudioVersion = 10.0.40219.1
Project("{FAE04EC0-301F-11D3-BF4B-00C04F79EFBC}") = "CrudWeb", "CrudWeb.csproj", "{7218A108-C5DA-C70A-8407-C747B9023B38}"
EndProject
Global
	GlobalSection(SolutionConfigurationPlatforms) = preSolution
		Debug|Any CPU = Debug|Any CPU
		Release|Any CPU = Release|Any CPU
	EndGlobalSection
	GlobalSection(ProjectConfigurationPlatforms) = postSolution
		{7218A108-C5DA-C70A-8407-C747B9023B38}.Debug|Any CPU.ActiveCfg = Debug|Any CPU
		{7218A108-C5DA-C70A-8407-C747B9023B38}.Debug|Any CPU.Build.0 = Debug|Any CPU
		{7218A108-C5DA-C70A-8407-C747B9023B38}.Release|Any CPU.ActiveCfg = Release|Any CPU
		{7218A108-C5DA-C70A-8407-C747B9023B38}.Release|Any CPU.Build.0 = Release|Any CPU
	EndGlobalSection
	GlobalSection(SolutionProperties) = preSolution
		HideSolutionNode = FALSE
	EndGlobalSection
	GlobalSection(ExtensibilityGlobals) = postSolution
		SolutionGuid = {49CA3802-2874-4440-BB36-6C48B585C01C}
	EndGlobalSection
EndGlobal
